
Microsoft Visual Studio Solution File, Format Version 12.00
# Visual Studio 15
Project("{FAE04EC0-301F-11D3-BF4B-00C04F79EFBC}") = "Assembly-CSharp", "Assembly-CSharp.csproj", "{7E84CD81-49E2-A80A-AA64-604C532D359F}"
EndProject
Project("{FAE04EC0-301F-11D3-BF4B-00C04F79EFBC}") = "Unity.Postprocessing.Runtime", "Unity.Postprocessing.Runtime.csproj", "{E6014E17-175C-AEBC-A0A2-1858497662A8}"
EndProject
Project("{FAE04EC0-301F-11D3-BF4B-00C04F79EFBC}") = "Unity.Postprocessing.Runtime.Tests", "Unity.Postprocessing.Runtime.Tests.csproj", "{D3E6C9A0-B4B7-B7C7-B31A-828BBEE61418}"
EndProject
Project("{FAE04EC0-301F-11D3-BF4B-00C04F79EFBC}") = "Assembly-CSharp-Editor", "Assembly-CSharp-Editor.csproj", "{4CE16B48-DCAD-79F1-E95B-B3EBBBF70C5E}"
EndProject
Project("{FAE04EC0-301F-11D3-BF4B-00C04F79EFBC}") = "Unity.Postprocessing.Editor", "Unity.Postprocessing.Editor.csproj", "{F1DE7C61-2747-2998-63C2-E789FD5928E7}"
EndProject
Project("{FAE04EC0-301F-11D3-BF4B-00C04F79EFBC}") = "Unity.Postprocessing.Editor.Tests", "Unity.Postprocessing.Editor.Tests.csproj", "{66B6BE1A-40F2-0CDD-C4F0-7D1D0ADEC895}"
EndProject
Global
	GlobalSection(SolutionConfigurationPlatforms) = preSolution
		Debug|Any CPU = Debug|Any CPU
		Release|Any CPU = Release|Any CPU
	EndGlobalSection
	GlobalSection(ProjectConfigurationPlatforms) = postSolution
		{7E84CD81-49E2-A80A-AA64-604C532D359F}.Debug|Any CPU.ActiveCfg = Debug|Any CPU
		{7E84CD81-49E2-A80A-AA64-604C532D359F}.Debug|Any CPU.Build.0 = Debug|Any CPU
		{7E84CD81-49E2-A80A-AA64-604C532D359F}.Release|Any CPU.ActiveCfg = Release|Any CPU
		{7E84CD81-49E2-A80A-AA64-604C532D359F}.Release|Any CPU.Build.0 = Release|Any CPU
		{E6014E17-175C-AEBC-A0A2-1858497662A8}.Debug|Any CPU.ActiveCfg = Debug|Any CPU
		{E6014E17-175C-AEBC-A0A2-1858497662A8}.Debug|Any CPU.Build.0 = Debug|Any CPU
		{E6014E17-175C-AEBC-A0A2-1858497662A8}.Release|Any CPU.ActiveCfg = Release|Any CPU
		{E6014E17-175C-AEBC-A0A2-1858497662A8}.Release|Any CPU.Build.0 = Release|Any CPU
		{D3E6C9A0-B4B7-B7C7-B31A-828BBEE61418}.Debug|Any CPU.ActiveCfg = Debug|Any CPU
		{D3E6C9A0-B4B7-B7C7-B31A-828BBEE61418}.Debug|Any CPU.Build.0 = Debug|Any CPU
		{D3E6C9A0-B4B7-B7C7-B31A-828BBEE61418}.Release|Any CPU.ActiveCfg = Release|Any CPU
		{D3E6C9A0-B4B7-B7C7-B31A-828BBEE61418}.Release|Any CPU.Build.0 = Release|Any CPU
		{4CE16B48-DCAD-79F1-E95B-B3EBBBF70C5E}.Debug|Any CPU.ActiveCfg = Debug|Any CPU
		{4CE16B48-DCAD-79F1-E95B-B3EBBBF70C5E}.Debug|Any CPU.Build.0 = Debug|Any CPU
		{4CE16B48-DCAD-79F1-E95B-B3EBBBF70C5E}.Release|Any CPU.ActiveCfg = Release|Any CPU
		{4CE16B48-DCAD-79F1-E95B-B3EBBBF70C5E}.Release|Any CPU.Build.0 = Release|Any CPU
		{F1DE7C61-2747-2998-63C2-E789FD5928E7}.Debug|Any CPU.ActiveCfg = Debug|Any CPU
		{F1DE7C61-2747-2998-63C2-E789FD5928E7}.Debug|Any CPU.Build.0 = Debug|Any CPU
		{F1DE7C61-2747-2998-63C2-E789FD5928E7}.Release|Any CPU.ActiveCfg = Release|Any CPU
		{F1DE7C61-2747-2998-63C2-E789FD5928E7}.Release|Any CPU.Build.0 = Release|Any CPU
		{66B6BE1A-40F2-0CDD-C4F0-7D1D0ADEC895}.Debug|Any CPU.ActiveCfg = Debug|Any CPU
		{66B6BE1A-40F2-0CDD-C4F0-7D1D0ADEC895}.Debug|Any CPU.Build.0 = Debug|Any CPU
		{66B6BE1A-40F2-0CDD-C4F0-7D1D0ADEC895}.Release|Any CPU.ActiveCfg = Release|Any CPU
		{66B6BE1A-40F2-0CDD-C4F0-7D1D0ADEC895}.Release|Any CPU.Build.0 = Release|Any CPU
	EndGlobalSection
	GlobalSection(SolutionProperties) = preSolution
		HideSolutionNode = FALSE
	EndGlobalSection
EndGlobal
